
Microsoft Visual Studio Solution File, Format Version 12.00
# Visual Studio 14
VisualStudioVersion = 14.0.25420.1
MinimumVisualStudioVersion = 10.0.40219.1
Project("{8BC9CEB8-8B4A-11D0-8D11-00A0C91BC942}") = "RawPointer", "RawPointer\RawPointer.vcxproj", "{96DE30C4-7BE4-464A-8F4E-E6383E34C5BA}"
EndProject
Project("{8BC9CEB8-8B4A-11D0-8D11-00A0C91BC942}") = "SharedPointer", "SharedPointer\SharedPointer.vcxproj", "{0ACFC7EA-9A98-42D4-B29B-45128F1D6FC9}"
EndProject
Project("{8BC9CEB8-8B4A-11D0-8D11-00A0C91BC942}") = "UniquePointer", "UniquePointer\UniquePointer.vcxproj", "{35CE495D-C397-4CE2-816D-669D48F5B2DE}"
EndProject
Project("{8BC9CEB8-8B4A-11D0-8D11-00A0C91BC942}") = "BaseDerived", "BaseDerived\BaseDerived.vcxproj", "{9DFEF17D-D0F8-4EAE-B2C2-417AD37F2E71}"
EndProject
Global
	GlobalSection(SolutionConfigurationPlatforms) = preSolution
		Debug|x64 = Debug|x64
		Debug|x86 = Debug|x86
		Release|x64 = Release|x64
		Release|x86 = Release|x86
	EndGlobalSection
	GlobalSection(ProjectConfigurationPlatforms) = postSolution
		{96DE30C4-7BE4-464A-8F4E-E6383E34C5BA}.Debug|x64.ActiveCfg = Debug|x64
		{96DE30C4-7BE4-464A-8F4E-E6383E34C5BA}.Debug|x64.Build.0 = Debug|x64
		{96DE30C4-7BE4-464A-8F4E-E6383E34C5BA}.Debug|x86.ActiveCfg = Debug|Win32
		{96DE30C4-7BE4-464A-8F4E-E6383E34C5BA}.Debug|x86.Build.0 = Debug|Win32
		{96DE30C4-7BE4-464A-8F4E-E6383E34C5BA}.Release|x64.ActiveCfg = Release|x64
		{96DE30C4-7BE4-464A-8F4E-E6383E34C5BA}.Release|x64.Build.0 = Release|x64
		{96DE30C4-7BE4-464A-8F4E-E6383E34C5BA}.Release|x86.ActiveCfg = Release|Win32
		{96DE30C4-7BE4-464A-8F4E-E6383E34C5BA}.Release|x86.Build.0 = Release|Win32
		{0ACFC7EA-9A98-42D4-B29B-45128F1D6FC9}.Debug|x64.ActiveCfg = Debug|x64
		{0ACFC7EA-9A98-42D4-B29B-45128F1D6FC9}.Debug|x64.Build.0 = Debug|x64
		{0ACFC7EA-9A98-42D4-B29B-45128F1D6FC9}.Debug|x86.ActiveCfg = Debug|Win32
		{0ACFC7EA-9A98-42D4-B29B-45128F1D6FC9}.Debug|x86.Build.0 = Debug|Win32
		{0ACFC7EA-9A98-42D4-B29B-45128F1D6FC9}.Release|x64.ActiveCfg = Release|x64
		{0ACFC7EA-9A98-42D4-B29B-45128F1D6FC9}.Release|x64.Build.0 = Release|x64
		{0ACFC7EA-9A98-42D4-B29B-45128F1D6FC9}.Release|x86.ActiveCfg = Release|Win32
		{0ACFC7EA-9A98-42D4-B29B-45128F1D6FC9}.Release|x86.Build.0 = Release|Win32
		{35CE495D-C397-4CE2-816D-669D48F5B2DE}.Debug|x64.ActiveCfg = Debug|x64
		{35CE495D-C397-4CE2-816D-669D48F5B2DE}.Debug|x64.Build.0 = Debug|x64
		{35CE495D-C397-4CE2-816D-669D48F5B2DE}.Debug|x86.ActiveCfg = Debug|Win32
		{35CE495D-C397-4CE2-816D-669D48F5B2DE}.Debug|x86.Build.0 = Debug|Win32
		{35CE495D-C397-4CE2-816D-669D48F5B2DE}.Release|x64.ActiveCfg = Release|x64
		{35CE495D-C397-4CE2-816D-669D48F5B2DE}.Release|x64.Build.0 = Release|x64
		{35CE495D-C397-4CE2-816D-669D48F5B2DE}.Release|x86.ActiveCfg = Release|Win32
		{35CE495D-C397-4CE2-816D-669D48F5B2DE}.Release|x86.Build.0 = Release|Win32
		{9DFEF17D-D0F8-4EAE-B2C2-417AD37F2E71}.Debug|x64.ActiveCfg = Debug|x64
		{9DFEF17D-D0F8-4EAE-B2C2-417AD37F2E71}.Debug|x64.Build.0 = Debug|x64
		{9DFEF17D-D0F8-4EAE-B2C2-417AD37F2E71}.Debug|x86.ActiveCfg = Debug|Win32
		{9DFEF17D-D0F8-4EAE-B2C2-417AD37F2E71}.Debug|x86.Build.0 = Debug|Win32
		{9DFEF17D-D0F8-4EAE-B2C2-417AD37F2E71}.Release|x64.ActiveCfg = Release|x64
		{9DFEF17D-D0F8-4EAE-B2C2-417AD37F2E71}.Release|x64.Build.0 = Release|x64
		{9DFEF17D-D0F8-4EAE-B2C2-417AD37F2E71}.Release|x86.ActiveCfg = Release|Win32
		{9DFEF17D-D0F8-4EAE-B2C2-417AD37F2E71}.Release|x86.Build.0 = Release|Win32
	EndGlobalSection
	GlobalSection(SolutionProperties) = preSolution
		HideSolutionNode = FALSE
	EndGlobalSection
EndGlobal
